
Microsoft Visual Studio Solution File, Format Version 12.00
# Visual Studio Version 17
VisualStudioVersion = 17.0.31903.59
MinimumVisualStudioVersion = 10.0.40219.1
Project("{2150E333-8FDC-42A3-9474-1A3956D46DE8}") = "src", "src", "{827E0CD3-B72D-47B6-A68D-7590B98EB39B}"
EndProject
Project("{FAE04EC0-301F-11D3-BF4B-00C04F79EFBC}") = "Auth.Presentation", "src\Auth.Presentation\Auth.Presentation.csproj", "{D27EE54C-4E55-4B0E-AD11-25A22C5A61F6}"
EndProject
Project("{FAE04EC0-301F-11D3-BF4B-00C04F79EFBC}") = "Auth.Domain", "src\Auth.Domain\Auth.Domain.csproj", "{F46D371E-1336-4FFE-9E40-000E77AB3FC9}"
EndProject
Project("{FAE04EC0-301F-11D3-BF4B-00C04F79EFBC}") = "Auth.Application", "src\Auth.Application\Auth.Application.csproj", "{153E5EFD-AC80-49E0-A5B7-44E18D72F8C5}"
EndProject
Project("{FAE04EC0-301F-11D3-BF4B-00C04F79EFBC}") = "Auth.Infrastructure", "src\Auth.Infrastructure\Auth.Infrastructure.csproj", "{FCEF4C54-1FE7-4673-BFB2-776D6FB2B85A}"
EndProject
Global
	GlobalSection(SolutionConfigurationPlatforms) = preSolution
		Debug|Any CPU = Debug|Any CPU
		Debug|x64 = Debug|x64
		Debug|x86 = Debug|x86
		Release|Any CPU = Release|Any CPU
		Release|x64 = Release|x64
		Release|x86 = Release|x86
	EndGlobalSection
	GlobalSection(ProjectConfigurationPlatforms) = postSolution
		{D27EE54C-4E55-4B0E-AD11-25A22C5A61F6}.Debug|Any CPU.ActiveCfg = Debug|Any CPU
		{D27EE54C-4E55-4B0E-AD11-25A22C5A61F6}.Debug|Any CPU.Build.0 = Debug|Any CPU
		{D27EE54C-4E55-4B0E-AD11-25A22C5A61F6}.Debug|x64.ActiveCfg = Debug|Any CPU
		{D27EE54C-4E55-4B0E-AD11-25A22C5A61F6}.Debug|x64.Build.0 = Debug|Any CPU
		{D27EE54C-4E55-4B0E-AD11-25A22C5A61F6}.Debug|x86.ActiveCfg = Debug|Any CPU
		{D27EE54C-4E55-4B0E-AD11-25A22C5A61F6}.Debug|x86.Build.0 = Debug|Any CPU
		{D27EE54C-4E55-4B0E-AD11-25A22C5A61F6}.Release|Any CPU.ActiveCfg = Release|Any CPU
		{D27EE54C-4E55-4B0E-AD11-25A22C5A61F6}.Release|Any CPU.Build.0 = Release|Any CPU
		{D27EE54C-4E55-4B0E-AD11-25A22C5A61F6}.Release|x64.ActiveCfg = Release|Any CPU
		{D27EE54C-4E55-4B0E-AD11-25A22C5A61F6}.Release|x64.Build.0 = Release|Any CPU
		{D27EE54C-4E55-4B0E-AD11-25A22C5A61F6}.Release|x86.ActiveCfg = Release|Any CPU
		{D27EE54C-4E55-4B0E-AD11-25A22C5A61F6}.Release|x86.Build.0 = Release|Any CPU
		{F46D371E-1336-4FFE-9E40-000E77AB3FC9}.Debug|Any CPU.ActiveCfg = Debug|Any CPU
		{F46D371E-1336-4FFE-9E40-000E77AB3FC9}.Debug|Any CPU.Build.0 = Debug|Any CPU
		{F46D371E-1336-4FFE-9E40-000E77AB3FC9}.Debug|x64.ActiveCfg = Debug|Any CPU
		{F46D371E-1336-4FFE-9E40-000E77AB3FC9}.Debug|x64.Build.0 = Debug|Any CPU
		{F46D371E-1336-4FFE-9E40-000E77AB3FC9}.Debug|x86.ActiveCfg = Debug|Any CPU
		{F46D371E-1336-4FFE-9E40-000E77AB3FC9}.Debug|x86.Build.0 = Debug|Any CPU
		{F46D371E-1336-4FFE-9E40-000E77AB3FC9}.Release|Any CPU.ActiveCfg = Release|Any CPU
		{F46D371E-1336-4FFE-9E40-000E77AB3FC9}.Release|Any CPU.Build.0 = Release|Any CPU
		{F46D371E-1336-4FFE-9E40-000E77AB3FC9}.Release|x64.ActiveCfg = Release|Any CPU
		{F46D371E-1336-4FFE-9E40-000E77AB3FC9}.Release|x64.Build.0 = Release|Any CPU
		{F46D371E-1336-4FFE-9E40-000E77AB3FC9}.Release|x86.ActiveCfg = Release|Any CPU
		{F46D371E-1336-4FFE-9E40-000E77AB3FC9}.Release|x86.Build.0 = Release|Any CPU
		{153E5EFD-AC80-49E0-A5B7-44E18D72F8C5}.Debug|Any CPU.ActiveCfg = Debug|Any CPU
		{153E5EFD-AC80-49E0-A5B7-44E18D72F8C5}.Debug|Any CPU.Build.0 = Debug|Any CPU
		{153E5EFD-AC80-49E0-A5B7-44E18D72F8C5}.Debug|x64.ActiveCfg = Debug|Any CPU
		{153E5EFD-AC80-49E0-A5B7-44E18D72F8C5}.Debug|x64.Build.0 = Debug|Any CPU
		{153E5EFD-AC80-49E0-A5B7-44E18D72F8C5}.Debug|x86.ActiveCfg = Debug|Any CPU
		{153E5EFD-AC80-49E0-A5B7-44E18D72F8C5}.Debug|x86.Build.0 = Debug|Any CPU
		{153E5EFD-AC80-49E0-A5B7-44E18D72F8C5}.Release|Any CPU.ActiveCfg = Release|Any CPU
		{153E5EFD-AC80-49E0-A5B7-44E18D72F8C5}.Release|Any CPU.Build.0 = Release|Any CPU
		{153E5EFD-AC80-49E0-A5B7-44E18D72F8C5}.Release|x64.ActiveCfg = Release|Any CPU
		{153E5EFD-AC80-49E0-A5B7-44E18D72F8C5}.Release|x64.Build.0 = Release|Any CPU
		{153E5EFD-AC80-49E0-A5B7-44E18D72F8C5}.Release|x86.ActiveCfg = Release|Any CPU
		{153E5EFD-AC80-49E0-A5B7-44E18D72F8C5}.Release|x86.Build.0 = Release|Any CPU
		{FCEF4C54-1FE7-4673-BFB2-776D6FB2B85A}.Debug|Any CPU.ActiveCfg = Debug|Any CPU
		{FCEF4C54-1FE7-4673-BFB2-776D6FB2B85A}.Debug|Any CPU.Build.0 = Debug|Any CPU
		{FCEF4C54-1FE7-4673-BFB2-776D6FB2B85A}.Debug|x64.ActiveCfg = Debug|Any CPU
		{FCEF4C54-1FE7-4673-BFB2-776D6FB2B85A}.Debug|x64.Build.0 = Debug|Any CPU
		{FCEF4C54-1FE7-4673-BFB2-776D6FB2B85A}.Debug|x86.ActiveCfg = Debug|Any CPU
		{FCEF4C54-1FE7-4673-BFB2-776D6FB2B85A}.Debug|x86.Build.0 = Debug|Any CPU
		{FCEF4C54-1FE7-4673-BFB2-776D6FB2B85A}.Release|Any CPU.ActiveCfg = Release|Any CPU
		{FCEF4C54-1FE7-4673-BFB2-776D6FB2B85A}.Release|Any CPU.Build.0 = Release|Any CPU
		{FCEF4C54-1FE7-4673-BFB2-776D6FB2B85A}.Release|x64.ActiveCfg = Release|Any CPU
		{FCEF4C54-1FE7-4673-BFB2-776D6FB2B85A}.Release|x64.Build.0 = Release|Any CPU
		{FCEF4C54-1FE7-4673-BFB2-776D6FB2B85A}.Release|x86.ActiveCfg = Release|Any CPU
		{FCEF4C54-1FE7-4673-BFB2-776D6FB2B85A}.Release|x86.Build.0 = Release|Any CPU
	EndGlobalSection
	GlobalSection(SolutionProperties) = preSolution
		HideSolutionNode = FALSE
	EndGlobalSection
	GlobalSection(NestedProjects) = preSolution
		{D27EE54C-4E55-4B0E-AD11-25A22C5A61F6} = {827E0CD3-B72D-47B6-A68D-7590B98EB39B}
		{F46D371E-1336-4FFE-9E40-000E77AB3FC9} = {827E0CD3-B72D-47B6-A68D-7590B98EB39B}
		{153E5EFD-AC80-49E0-A5B7-44E18D72F8C5} = {827E0CD3-B72D-47B6-A68D-7590B98EB39B}
		{FCEF4C54-1FE7-4673-BFB2-776D6FB2B85A} = {827E0CD3-B72D-47B6-A68D-7590B98EB39B}
	EndGlobalSection
EndGlobal
